
Microsoft Visual Studio Solution File, Format Version 12.00
# Visual Studio Version 17
VisualStudioVersion = 17.12.35514.174 d17.12
MinimumVisualStudioVersion = 10.0.40219.1
Project("{F2A71F9B-5D33-465A-A702-920D77279786}") = "Lab5", "Lab5\Lab5.fsproj", "{A0250FB8-7295-4221-A3E0-B2822240E11F}"
EndProject
Global
	GlobalSection(SolutionConfigurationPlatforms) = preSolution
		Debug|Any CPU = Debug|Any CPU
		Release|Any CPU = Release|Any CPU
	EndGlobalSection
	GlobalSection(ProjectConfigurationPlatforms) = postSolution
		{A0250FB8-7295-4221-A3E0-B2822240E11F}.Debug|Any CPU.ActiveCfg = Debug|Any CPU
		{A0250FB8-7295-4221-A3E0-B2822240E11F}.Debug|Any CPU.Build.0 = Debug|Any CPU
		{A0250FB8-7295-4221-A3E0-B2822240E11F}.Release|Any CPU.ActiveCfg = Release|Any CPU
		{A0250FB8-7295-4221-A3E0-B2822240E11F}.Release|Any CPU.Build.0 = Release|Any CPU
	EndGlobalSection
	GlobalSection(SolutionProperties) = preSolution
		HideSolutionNode = FALSE
	EndGlobalSection
EndGlobal
